// !$*UTF8*$!
{
	archiveVersion = 1;
	classes = {
	};
	objectVersion = 56;
	objects = {

/* Begin PBXBuildFile section */
		0B50C4B72A433100004DC76D /* LeaderListView.swift in Sources */ = {isa = PBXBuildFile; fileRef = 0B50C4B62A433100004DC76D /* LeaderListView.swift */; };
		0B50C4B92A433452004DC76D /* LinearGradient.swift in Sources */ = {isa = PBXBuildFile; fileRef = 0B50C4B82A433452004DC76D /* LinearGradient.swift */; };
		0B50C4BB2A4345CD004DC76D /* LeaderImageView.swift in Sources */ = {isa = PBXBuildFile; fileRef = 0B50C4BA2A4345CD004DC76D /* LeaderImageView.swift */; };
		0B50C4BD2A434DF8004DC76D /* VSLeaderDetail.swift in Sources */ = {isa = PBXBuildFile; fileRef = 0B50C4BC2A434DF8004DC76D /* VSLeaderDetail.swift */; };
		0B50C4E22A4605DA004DC76D /* FirebaseAPIManager.swift in Sources */ = {isa = PBXBuildFile; fileRef = 0B50C4E12A4605D9004DC76D /* FirebaseAPIManager.swift */; };
		0B50C4E42A460638004DC76D /* DataParser.swift in Sources */ = {isa = PBXBuildFile; fileRef = 0B50C4E32A460638004DC76D /* DataParser.swift */; };
		0B50C51A2A4644D1004DC76D /* SplashView.swift in Sources */ = {isa = PBXBuildFile; fileRef = 0B50C5192A4644D1004DC76D /* SplashView.swift */; };
		0BAB24C02A3FEEA9001F1BE6 /* GoogleService-Info.plist in Resources */ = {isa = PBXBuildFile; fileRef = 0BAB24BF2A3FEEA9001F1BE6 /* GoogleService-Info.plist */; };
		0BAB24C32A3FEF8E001F1BE6 /* FirebaseAnalytics in Frameworks */ = {isa = PBXBuildFile; productRef = 0BAB24C22A3FEF8E001F1BE6 /* FirebaseAnalytics */; };
		0BAB24C52A3FEF8E001F1BE6 /* FirebaseRemoteConfig in Frameworks */ = {isa = PBXBuildFile; productRef = 0BAB24C42A3FEF8E001F1BE6 /* FirebaseRemoteConfig */; };
		0BAB24C72A3FEF8E001F1BE6 /* FirebaseRemoteConfigSwift in Frameworks */ = {isa = PBXBuildFile; productRef = 0BAB24C62A3FEF8E001F1BE6 /* FirebaseRemoteConfigSwift */; };
		0BAB24C92A3FF5D0001F1BE6 /* FirebaseRemoteConfigManager.swift in Sources */ = {isa = PBXBuildFile; fileRef = 0BAB24C82A3FF5D0001F1BE6 /* FirebaseRemoteConfigManager.swift */; };
		0BAB24CB2A3FFAA8001F1BE6 /* Leader.swift in Sources */ = {isa = PBXBuildFile; fileRef = 0BAB24CA2A3FFAA8001F1BE6 /* Leader.swift */; };
		0BAB24CD2A3FFB8B001F1BE6 /* Constants.swift in Sources */ = {isa = PBXBuildFile; fileRef = 0BAB24CC2A3FFB8B001F1BE6 /* Constants.swift */; };
		0BAB24CF2A3FFD1E001F1BE6 /* DataService.swift in Sources */ = {isa = PBXBuildFile; fileRef = 0BAB24CE2A3FFD1E001F1BE6 /* DataService.swift */; };
		0BAB24D22A4002B8001F1BE6 /* LeadersViewModel.swift in Sources */ = {isa = PBXBuildFile; fileRef = 0BAB24D12A4002B8001F1BE6 /* LeadersViewModel.swift */; };
		0BAB24D42A409836001F1BE6 /* Extensions.swift in Sources */ = {isa = PBXBuildFile; fileRef = 0BAB24D32A409836001F1BE6 /* Extensions.swift */; };
		0BD00BFE2A3E583000F359E5 /* IndianLeaders.swift in Sources */ = {isa = PBXBuildFile; fileRef = 0BD00BFD2A3E583000F359E5 /* IndianLeaders.swift */; };
		0BD00C002A3E583000F359E5 /* ContentView.swift in Sources */ = {isa = PBXBuildFile; fileRef = 0BD00BFF2A3E583000F359E5 /* ContentView.swift */; };
		0BD00C022A3E583300F359E5 /* Assets.xcassets in Resources */ = {isa = PBXBuildFile; fileRef = 0BD00C012A3E583300F359E5 /* Assets.xcassets */; };
		0BD00C052A3E583300F359E5 /* Preview Assets.xcassets in Resources */ = {isa = PBXBuildFile; fileRef = 0BD00C042A3E583300F359E5 /* Preview Assets.xcassets */; };
		0BD00C102A3E5A1600F359E5 /* LeaderRow.swift in Sources */ = {isa = PBXBuildFile; fileRef = 0BD00C0F2A3E5A1600F359E5 /* LeaderRow.swift */; };
		0BD00C122A3E61A100F359E5 /* LeaderDetail.swift in Sources */ = {isa = PBXBuildFile; fileRef = 0BD00C112A3E61A100F359E5 /* LeaderDetail.swift */; };
		0BD407B62A46471700EA9DFA /* ChakraImage.swift in Sources */ = {isa = PBXBuildFile; fileRef = 0BD407B52A46471700EA9DFA /* ChakraImage.swift */; };
		0BD407B92A4651F600EA9DFA /* Info_Old.plist in Resources */ = {isa = PBXBuildFile; fileRef = 0BD407B82A4651F500EA9DFA /* Info_Old.plist */; };
/* End PBXBuildFile section */

/* Begin PBXFileReference section */
		0B50C4B62A433100004DC76D /* LeaderListView.swift */ = {isa = PBXFileReference; lastKnownFileType = sourcecode.swift; path = LeaderListView.swift; sourceTree = "<group>"; };
		0B50C4B82A433452004DC76D /* LinearGradient.swift */ = {isa = PBXFileReference; lastKnownFileType = sourcecode.swift; path = LinearGradient.swift; sourceTree = "<group>"; };
		0B50C4BA2A4345CD004DC76D /* LeaderImageView.swift */ = {isa = PBXFileReference; lastKnownFileType = sourcecode.swift; path = LeaderImageView.swift; sourceTree = "<group>"; };
		0B50C4BC2A434DF8004DC76D /* VSLeaderDetail.swift */ = {isa = PBXFileReference; lastKnownFileType = sourcecode.swift; path = VSLeaderDetail.swift; sourceTree = "<group>"; };
		0B50C4E12A4605D9004DC76D /* FirebaseAPIManager.swift */ = {isa = PBXFileReference; lastKnownFileType = sourcecode.swift; path = FirebaseAPIManager.swift; sourceTree = "<group>"; };
		0B50C4E32A460638004DC76D /* DataParser.swift */ = {isa = PBXFileReference; lastKnownFileType = sourcecode.swift; path = DataParser.swift; sourceTree = "<group>"; };
		0B50C5192A4644D1004DC76D /* SplashView.swift */ = {isa = PBXFileReference; lastKnownFileType = sourcecode.swift; path = SplashView.swift; sourceTree = "<group>"; };
		0BAB24BF2A3FEEA9001F1BE6 /* GoogleService-Info.plist */ = {isa = PBXFileReference; fileEncoding = 4; lastKnownFileType = text.plist.xml; path = "GoogleService-Info.plist"; sourceTree = "<group>"; };
		0BAB24C82A3FF5D0001F1BE6 /* FirebaseRemoteConfigManager.swift */ = {isa = PBXFileReference; lastKnownFileType = sourcecode.swift; path = FirebaseRemoteConfigManager.swift; sourceTree = "<group>"; };
		0BAB24CA2A3FFAA8001F1BE6 /* Leader.swift */ = {isa = PBXFileReference; lastKnownFileType = sourcecode.swift; path = Leader.swift; sourceTree = "<group>"; };
		0BAB24CC2A3FFB8B001F1BE6 /* Constants.swift */ = {isa = PBXFileReference; lastKnownFileType = sourcecode.swift; path = Constants.swift; sourceTree = "<group>"; };
		0BAB24CE2A3FFD1E001F1BE6 /* DataService.swift */ = {isa = PBXFileReference; lastKnownFileType = sourcecode.swift; path = DataService.swift; sourceTree = "<group>"; };
		0BAB24D12A4002B8001F1BE6 /* LeadersViewModel.swift */ = {isa = PBXFileReference; lastKnownFileType = sourcecode.swift; path = LeadersViewModel.swift; sourceTree = "<group>"; };
		0BAB24D32A409836001F1BE6 /* Extensions.swift */ = {isa = PBXFileReference; lastKnownFileType = sourcecode.swift; path = Extensions.swift; sourceTree = "<group>"; };
		0BD00BFA2A3E583000F359E5 /* PrimeMinisters.app */ = {isa = PBXFileReference; explicitFileType = wrapper.application; includeInIndex = 0; path = PrimeMinisters.app; sourceTree = BUILT_PRODUCTS_DIR; };
		0BD00BFD2A3E583000F359E5 /* IndianLeaders.swift */ = {isa = PBXFileReference; lastKnownFileType = sourcecode.swift; path = IndianLeaders.swift; sourceTree = "<group>"; };
		0BD00BFF2A3E583000F359E5 /* ContentView.swift */ = {isa = PBXFileReference; lastKnownFileType = sourcecode.swift; path = ContentView.swift; sourceTree = "<group>"; };
		0BD00C012A3E583300F359E5 /* Assets.xcassets */ = {isa = PBXFileReference; lastKnownFileType = folder.assetcatalog; path = Assets.xcassets; sourceTree = "<group>"; };
		0BD00C042A3E583300F359E5 /* Preview Assets.xcassets */ = {isa = PBXFileReference; lastKnownFileType = folder.assetcatalog; path = "Preview Assets.xcassets"; sourceTree = "<group>"; };
		0BD00C0F2A3E5A1600F359E5 /* LeaderRow.swift */ = {isa = PBXFileReference; lastKnownFileType = sourcecode.swift; path = LeaderRow.swift; sourceTree = "<group>"; };
		0BD00C112A3E61A100F359E5 /* LeaderDetail.swift */ = {isa = PBXFileReference; lastKnownFileType = sourcecode.swift; path = LeaderDetail.swift; sourceTree = "<group>"; };
		0BD407B52A46471700EA9DFA /* ChakraImage.swift */ = {isa = PBXFileReference; fileEncoding = 4; lastKnownFileType = sourcecode.swift; path = ChakraImage.swift; sourceTree = "<group>"; };
		0BD407B82A4651F500EA9DFA /* Info_Old.plist */ = {isa = PBXFileReference; fileEncoding = 4; lastKnownFileType = text.plist.xml; path = Info_Old.plist; sourceTree = "<group>"; };
/* End PBXFileReference section */

/* Begin PBXFrameworksBuildPhase section */
		0BD00BF72A3E583000F359E5 /* Frameworks */ = {
			isa = PBXFrameworksBuildPhase;
			buildActionMask = 2147483647;
			files = (
				0BAB24C72A3FEF8E001F1BE6 /* FirebaseRemoteConfigSwift in Frameworks */,
				0BAB24C32A3FEF8E001F1BE6 /* FirebaseAnalytics in Frameworks */,
				0BAB24C52A3FEF8E001F1BE6 /* FirebaseRemoteConfig in Frameworks */,
			);
			runOnlyForDeploymentPostprocessing = 0;
		};
/* End PBXFrameworksBuildPhase section */

/* Begin PBXGroup section */
		0B50C4B32A433038004DC76D /* ViewModel */ = {
			isa = PBXGroup;
			children = (
				0BAB24D12A4002B8001F1BE6 /* LeadersViewModel.swift */,
			);
			path = ViewModel;
			sourceTree = "<group>";
		};
		0B50C4B42A433075004DC76D /* External */ = {
			isa = PBXGroup;
			children = (
				0BAB24BE2A3FEE89001F1BE6 /* Firebase */,
			);
			path = External;
			sourceTree = "<group>";
		};
		0B50C4B52A433087004DC76D /* Util */ = {
			isa = PBXGroup;
			children = (
				0BAB24D32A409836001F1BE6 /* Extensions.swift */,
				0BAB24CC2A3FFB8B001F1BE6 /* Constants.swift */,
			);
			path = Util;
			sourceTree = "<group>";
		};
		0B50C4E02A44556B004DC76D /* Resuable */ = {
			isa = PBXGroup;
			children = (
				0B50C4BA2A4345CD004DC76D /* LeaderImageView.swift */,
				0B50C4B82A433452004DC76D /* LinearGradient.swift */,
			);
			path = Resuable;
			sourceTree = "<group>";
		};
		0B50C5142A46414A004DC76D /* ListViews */ = {
			isa = PBXGroup;
			children = (
				0BD00C0F2A3E5A1600F359E5 /* LeaderRow.swift */,
				0B50C4B62A433100004DC76D /* LeaderListView.swift */,
			);
			path = ListViews;
			sourceTree = "<group>";
		};
		0B50C5152A464153004DC76D /* DetailViews */ = {
			isa = PBXGroup;
			children = (
				0BD00C112A3E61A100F359E5 /* LeaderDetail.swift */,
				0B50C4BC2A434DF8004DC76D /* VSLeaderDetail.swift */,
			);
			path = DetailViews;
			sourceTree = "<group>";
		};
		0B50C5162A4641CA004DC76D /* Network */ = {
			isa = PBXGroup;
			children = (
				0B50C4E12A4605D9004DC76D /* FirebaseAPIManager.swift */,
				0B50C4E32A460638004DC76D /* DataParser.swift */,
			);
			path = Network;
			sourceTree = "<group>";
		};
		0BAB24BE2A3FEE89001F1BE6 /* Firebase */ = {
			isa = PBXGroup;
			children = (
				0BAB24C82A3FF5D0001F1BE6 /* FirebaseRemoteConfigManager.swift */,
				0BAB24BF2A3FEEA9001F1BE6 /* GoogleService-Info.plist */,
			);
			path = Firebase;
			sourceTree = "<group>";
		};
		0BAB24D02A3FFD2F001F1BE6 /* Repository */ = {
			isa = PBXGroup;
			children = (
				0BAB24CE2A3FFD1E001F1BE6 /* DataService.swift */,
			);
			path = Repository;
			sourceTree = "<group>";
		};
		0BD00BF12A3E583000F359E5 = {
			isa = PBXGroup;
			children = (
				0BD407B82A4651F500EA9DFA /* Info_Old.plist */,
				0B50C5162A4641CA004DC76D /* Network */,
				0B50C4B52A433087004DC76D /* Util */,
				0B50C4B42A433075004DC76D /* External */,
				0BAB24D02A3FFD2F001F1BE6 /* Repository */,
				0B50C4B32A433038004DC76D /* ViewModel */,
				0BD00C0E2A3E59FD00F359E5 /* View */,
				0BD00C0D2A3E59EF00F359E5 /* DataModel */,
				0BD00BFC2A3E583000F359E5 /* SwiftUITableView */,
				0BD00BFB2A3E583000F359E5 /* Products */,
			);
			sourceTree = "<group>";
		};
		0BD00BFB2A3E583000F359E5 /* Products */ = {
			isa = PBXGroup;
			children = (
				0BD00BFA2A3E583000F359E5 /* PrimeMinisters.app */,
			);
			name = Products;
			sourceTree = "<group>";
		};
		0BD00BFC2A3E583000F359E5 /* SwiftUITableView */ = {
			isa = PBXGroup;
			children = (
				0BD00BFD2A3E583000F359E5 /* IndianLeaders.swift */,
				0BD00C012A3E583300F359E5 /* Assets.xcassets */,
				0BD00C032A3E583300F359E5 /* Preview Content */,
			);
			path = SwiftUITableView;
			sourceTree = "<group>";
		};
		0BD00C032A3E583300F359E5 /* Preview Content */ = {
			isa = PBXGroup;
			children = (
				0BD00C042A3E583300F359E5 /* Preview Assets.xcassets */,
			);
			path = "Preview Content";
			sourceTree = "<group>";
		};
		0BD00C0D2A3E59EF00F359E5 /* DataModel */ = {
			isa = PBXGroup;
			children = (
				0BAB24CA2A3FFAA8001F1BE6 /* Leader.swift */,
			);
			path = DataModel;
			sourceTree = "<group>";
		};
		0BD00C0E2A3E59FD00F359E5 /* View */ = {
			isa = PBXGroup;
			children = (
				0BD407B72A464C0400EA9DFA /* SplashViews */,
				0B50C5152A464153004DC76D /* DetailViews */,
				0B50C5142A46414A004DC76D /* ListViews */,
				0B50C4E02A44556B004DC76D /* Resuable */,
				0BD00BFF2A3E583000F359E5 /* ContentView.swift */,
			);
			path = View;
			sourceTree = "<group>";
		};
		0BD407B72A464C0400EA9DFA /* SplashViews */ = {
			isa = PBXGroup;
			children = (
				0BD407B52A46471700EA9DFA /* ChakraImage.swift */,
				0B50C5192A4644D1004DC76D /* SplashView.swift */,
			);
			path = SplashViews;
			sourceTree = "<group>";
		};
/* End PBXGroup section */

/* Begin PBXNativeTarget section */
		0BD00BF92A3E583000F359E5 /* PrimeMinisters */ = {
			isa = PBXNativeTarget;
			buildConfigurationList = 0BD00C082A3E583300F359E5 /* Build configuration list for PBXNativeTarget "PrimeMinisters" */;
			buildPhases = (
				0BD00BF62A3E583000F359E5 /* Sources */,
				0BD00BF72A3E583000F359E5 /* Frameworks */,
				0BD00BF82A3E583000F359E5 /* Resources */,
			);
			buildRules = (
			);
			dependencies = (
			);
			name = PrimeMinisters;
			packageProductDependencies = (
				0BAB24C22A3FEF8E001F1BE6 /* FirebaseAnalytics */,
				0BAB24C42A3FEF8E001F1BE6 /* FirebaseRemoteConfig */,
				0BAB24C62A3FEF8E001F1BE6 /* FirebaseRemoteConfigSwift */,
			);
			productName = SwiftUITableView;
			productReference = 0BD00BFA2A3E583000F359E5 /* PrimeMinisters.app */;
			productType = "com.apple.product-type.application";
		};
/* End PBXNativeTarget section */

/* Begin PBXProject section */
		0BD00BF22A3E583000F359E5 /* Project object */ = {
			isa = PBXProject;
			attributes = {
				BuildIndependentTargetsInParallel = 1;
				LastSwiftUpdateCheck = 1400;
				LastUpgradeCheck = 1400;
				TargetAttributes = {
					0BD00BF92A3E583000F359E5 = {
						CreatedOnToolsVersion = 14.0;
					};
				};
			};
			buildConfigurationList = 0BD00BF52A3E583000F359E5 /* Build configuration list for PBXProject "PrimeMinisters" */;
			compatibilityVersion = "Xcode 14.0";
			developmentRegion = en;
			hasScannedForEncodings = 0;
			knownRegions = (
				en,
				Base,
			);
			mainGroup = 0BD00BF12A3E583000F359E5;
			packageReferences = (
				0BAB24C12A3FEF8E001F1BE6 /* XCRemoteSwiftPackageReference "firebase-ios-sdk" */,
			);
			productRefGroup = 0BD00BFB2A3E583000F359E5 /* Products */;
			projectDirPath = "";
			projectRoot = "";
			targets = (
				0BD00BF92A3E583000F359E5 /* PrimeMinisters */,
			);
		};
/* End PBXProject section */

/* Begin PBXResourcesBuildPhase section */
		0BD00BF82A3E583000F359E5 /* Resources */ = {
			isa = PBXResourcesBuildPhase;
			buildActionMask = 2147483647;
			files = (
				0BD407B92A4651F600EA9DFA /* Info_Old.plist in Resources */,
				0BD00C052A3E583300F359E5 /* Preview Assets.xcassets in Resources */,
				0BD00C022A3E583300F359E5 /* Assets.xcassets in Resources */,
				0BAB24C02A3FEEA9001F1BE6 /* GoogleService-Info.plist in Resources */,
			);
			runOnlyForDeploymentPostprocessing = 0;
		};
/* End PBXResourcesBuildPhase section */

/* Begin PBXSourcesBuildPhase section */
		0BD00BF62A3E583000F359E5 /* Sources */ = {
			isa = PBXSourcesBuildPhase;
			buildActionMask = 2147483647;
			files = (
				0BAB24CF2A3FFD1E001F1BE6 /* DataService.swift in Sources */,
				0BAB24CB2A3FFAA8001F1BE6 /* Leader.swift in Sources */,
				0B50C4E42A460638004DC76D /* DataParser.swift in Sources */,
				0BD407B62A46471700EA9DFA /* ChakraImage.swift in Sources */,
				0BD00C002A3E583000F359E5 /* ContentView.swift in Sources */,
				0BD00BFE2A3E583000F359E5 /* IndianLeaders.swift in Sources */,
				0B50C4B92A433452004DC76D /* LinearGradient.swift in Sources */,
				0BD00C122A3E61A100F359E5 /* LeaderDetail.swift in Sources */,
				0BAB24C92A3FF5D0001F1BE6 /* FirebaseRemoteConfigManager.swift in Sources */,
				0BD00C102A3E5A1600F359E5 /* LeaderRow.swift in Sources */,
				0B50C4E22A4605DA004DC76D /* FirebaseAPIManager.swift in Sources */,
				0BAB24CD2A3FFB8B001F1BE6 /* Constants.swift in Sources */,
				0B50C4BB2A4345CD004DC76D /* LeaderImageView.swift in Sources */,
				0B50C4BD2A434DF8004DC76D /* VSLeaderDetail.swift in Sources */,
				0B50C51A2A4644D1004DC76D /* SplashView.swift in Sources */,
				0B50C4B72A433100004DC76D /* LeaderListView.swift in Sources */,
				0BAB24D42A409836001F1BE6 /* Extensions.swift in Sources */,
				0BAB24D22A4002B8001F1BE6 /* LeadersViewModel.swift in Sources */,
			);
			runOnlyForDeploymentPostprocessing = 0;
		};
/* End PBXSourcesBuildPhase section */

/* Begin XCBuildConfiguration section */
		0BD00C062A3E583300F359E5 /* Debug */ = {
			isa = XCBuildConfiguration;
			buildSettings = {
				ALWAYS_SEARCH_USER_PATHS = NO;
				CLANG_ANALYZER_NONNULL = YES;
				CLANG_ANALYZER_NUMBER_OBJECT_CONVERSION = YES_AGGRESSIVE;
				CLANG_CXX_LANGUAGE_STANDARD = "gnu++20";
				CLANG_ENABLE_MODULES = YES;
				CLANG_ENABLE_OBJC_ARC = YES;
				CLANG_ENABLE_OBJC_WEAK = YES;
				CLANG_WARN_BLOCK_CAPTURE_AUTORELEASING = YES;
				CLANG_WARN_BOOL_CONVERSION = YES;
				CLANG_WARN_COMMA = YES;
				CLANG_WARN_CONSTANT_CONVERSION = YES;
				CLANG_WARN_DEPRECATED_OBJC_IMPLEMENTATIONS = YES;
				CLANG_WARN_DIRECT_OBJC_ISA_USAGE = YES_ERROR;
				CLANG_WARN_DOCUMENTATION_COMMENTS = YES;
				CLANG_WARN_EMPTY_BODY = YES;
				CLANG_WARN_ENUM_CONVERSION = YES;
				CLANG_WARN_INFINITE_RECURSION = YES;
				CLANG_WARN_INT_CONVERSION = YES;
				CLANG_WARN_NON_LITERAL_NULL_CONVERSION = YES;
				CLANG_WARN_OBJC_IMPLICIT_RETAIN_SELF = YES;
				CLANG_WARN_OBJC_LITERAL_CONVERSION = YES;
				CLANG_WARN_OBJC_ROOT_CLASS = YES_ERROR;
				CLANG_WARN_QUOTED_INCLUDE_IN_FRAMEWORK_HEADER = YES;
				CLANG_WARN_RANGE_LOOP_ANALYSIS = YES;
				CLANG_WARN_STRICT_PROTOTYPES = YES;
				CLANG_WARN_SUSPICIOUS_MOVE = YES;
				CLANG_WARN_UNGUARDED_AVAILABILITY = YES_AGGRESSIVE;
				CLANG_WARN_UNREACHABLE_CODE = YES;
				CLANG_WARN__DUPLICATE_METHOD_MATCH = YES;
				COPY_PHASE_STRIP = NO;
				DEBUG_INFORMATION_FORMAT = dwarf;
				ENABLE_STRICT_OBJC_MSGSEND = YES;
				ENABLE_TESTABILITY = YES;
				GCC_C_LANGUAGE_STANDARD = gnu11;
				GCC_DYNAMIC_NO_PIC = NO;
				GCC_NO_COMMON_BLOCKS = YES;
				GCC_OPTIMIZATION_LEVEL = 0;
				GCC_PREPROCESSOR_DEFINITIONS = (
					"DEBUG=1",
					"$(inherited)",
				);
				GCC_WARN_64_TO_32_BIT_CONVERSION = YES;
				GCC_WARN_ABOUT_RETURN_TYPE = YES_ERROR;
				GCC_WARN_UNDECLARED_SELECTOR = YES;
				GCC_WARN_UNINITIALIZED_AUTOS = YES_AGGRESSIVE;
				GCC_WARN_UNUSED_FUNCTION = YES;
				GCC_WARN_UNUSED_VARIABLE = YES;
				IPHONEOS_DEPLOYMENT_TARGET = 16.0;
				MTL_ENABLE_DEBUG_INFO = INCLUDE_SOURCE;
				MTL_FAST_MATH = YES;
				ONLY_ACTIVE_ARCH = YES;
				SDKROOT = iphoneos;
				SWIFT_ACTIVE_COMPILATION_CONDITIONS = DEBUG;
				SWIFT_OPTIMIZATION_LEVEL = "-Onone";
			};
			name = Debug;
		};
		0BD00C072A3E583300F359E5 /* Release */ = {
			isa = XCBuildConfiguration;
			buildSettings = {
				ALWAYS_SEARCH_USER_PATHS = NO;
				CLANG_ANALYZER_NONNULL = YES;
				CLANG_ANALYZER_NUMBER_OBJECT_CONVERSION = YES_AGGRESSIVE;
				CLANG_CXX_LANGUAGE_STANDARD = "gnu++20";
				CLANG_ENABLE_MODULES = YES;
				CLANG_ENABLE_OBJC_ARC = YES;
				CLANG_ENABLE_OBJC_WEAK = YES;
				CLANG_WARN_BLOCK_CAPTURE_AUTORELEASING = YES;
				CLANG_WARN_BOOL_CONVERSION = YES;
				CLANG_WARN_COMMA = YES;
				CLANG_WARN_CONSTANT_CONVERSION = YES;
				CLANG_WARN_DEPRECATED_OBJC_IMPLEMENTATIONS = YES;
				CLANG_WARN_DIRECT_OBJC_ISA_USAGE = YES_ERROR;
				CLANG_WARN_DOCUMENTATION_COMMENTS = YES;
				CLANG_WARN_EMPTY_BODY = YES;
				CLANG_WARN_ENUM_CONVERSION = YES;
				CLANG_WARN_INFINITE_RECURSION = YES;
				CLANG_WARN_INT_CONVERSION = YES;
				CLANG_WARN_NON_LITERAL_NULL_CONVERSION = YES;
				CLANG_WARN_OBJC_IMPLICIT_RETAIN_SELF = YES;
				CLANG_WARN_OBJC_LITERAL_CONVERSION = YES;
				CLANG_WARN_OBJC_ROOT_CLASS = YES_ERROR;
				CLANG_WARN_QUOTED_INCLUDE_IN_FRAMEWORK_HEADER = YES;
				CLANG_WARN_RANGE_LOOP_ANALYSIS = YES;
				CLANG_WARN_STRICT_PROTOTYPES = YES;
				CLANG_WARN_SUSPICIOUS_MOVE = YES;
				CLANG_WARN_UNGUARDED_AVAILABILITY = YES_AGGRESSIVE;
				CLANG_WARN_UNREACHABLE_CODE = YES;
				CLANG_WARN__DUPLICATE_METHOD_MATCH = YES;
				COPY_PHASE_STRIP = NO;
				DEBUG_INFORMATION_FORMAT = "dwarf-with-dsym";
				ENABLE_NS_ASSERTIONS = NO;
				ENABLE_STRICT_OBJC_MSGSEND = YES;
				GCC_C_LANGUAGE_STANDARD = gnu11;
				GCC_NO_COMMON_BLOCKS = YES;
				GCC_WARN_64_TO_32_BIT_CONVERSION = YES;
				GCC_WARN_ABOUT_RETURN_TYPE = YES_ERROR;
				GCC_WARN_UNDECLARED_SELECTOR = YES;
				GCC_WARN_UNINITIALIZED_AUTOS = YES_AGGRESSIVE;
				GCC_WARN_UNUSED_FUNCTION = YES;
				GCC_WARN_UNUSED_VARIABLE = YES;
				IPHONEOS_DEPLOYMENT_TARGET = 16.0;
				MTL_ENABLE_DEBUG_INFO = NO;
				MTL_FAST_MATH = YES;
				SDKROOT = iphoneos;
				SWIFT_COMPILATION_MODE = wholemodule;
				SWIFT_OPTIMIZATION_LEVEL = "-O";
				VALIDATE_PRODUCT = YES;
			};
			name = Release;
		};
		0BD00C092A3E583300F359E5 /* Debug */ = {
			isa = XCBuildConfiguration;
			buildSettings = {
				ASSETCATALOG_COMPILER_APPICON_NAME = AppIcon;
				ASSETCATALOG_COMPILER_GLOBAL_ACCENT_COLOR_NAME = AccentColor;
				CODE_SIGN_STYLE = Automatic;
				DEVELOPMENT_ASSET_PATHS = "\"SwiftUITableView/Preview Content\"";
				DEVELOPMENT_TEAM = D2KUN44K2A;
				ENABLE_PREVIEWS = YES;
				GENERATE_INFOPLIST_FILE = YES;
				INFOPLIST_KEY_UIApplicationSceneManifest_Generation = YES;
				INFOPLIST_KEY_UIApplicationSupportsIndirectInputEvents = YES;
				INFOPLIST_KEY_UILaunchScreen_Generation = YES;
				INFOPLIST_KEY_UISupportedInterfaceOrientations_iPad = "UIInterfaceOrientationPortrait UIInterfaceOrientationPortraitUpsideDown UIInterfaceOrientationLandscapeLeft UIInterfaceOrientationLandscapeRight";
				INFOPLIST_KEY_UISupportedInterfaceOrientations_iPhone = "UIInterfaceOrientationPortrait UIInterfaceOrientationLandscapeLeft UIInterfaceOrientationLandscapeRight";
				IPHONEOS_DEPLOYMENT_TARGET = 15.0;
				LD_RUNPATH_SEARCH_PATHS = (
					"$(inherited)",
					"@executable_path/Frameworks",
				);
				MARKETING_VERSION = 3.0.0;
				OTHER_SWIFT_FLAGS = "-D FIR_REMOTE_CONFIG_ENABLED";
				PRODUCT_BUNDLE_IDENTIFIER = com.ppam.arepu.IndianLeaders;
				PRODUCT_NAME = "$(TARGET_NAME)";
				SWIFT_EMIT_LOC_STRINGS = YES;
				SWIFT_VERSION = 5.0;
				TARGETED_DEVICE_FAMILY = "1,2";
			};
			name = Debug;
		};
		0BD00C0A2A3E583300F359E5 /* Release */ = {
			isa = XCBuildConfiguration;
			buildSettings = {
				ASSETCATALOG_COMPILER_APPICON_NAME = AppIcon;
				ASSETCATALOG_COMPILER_GLOBAL_ACCENT_COLOR_NAME = AccentColor;
				CODE_SIGN_STYLE = Automatic;
				DEVELOPMENT_ASSET_PATHS = "\"SwiftUITableView/Preview Content\"";
				DEVELOPMENT_TEAM = D2KUN44K2A;
				ENABLE_PREVIEWS = YES;
				GENERATE_INFOPLIST_FILE = YES;
				INFOPLIST_KEY_UIApplicationSceneManifest_Generation = YES;
				INFOPLIST_KEY_UIApplicationSupportsIndirectInputEvents = YES;
				INFOPLIST_KEY_UILaunchScreen_Generation = YES;
				INFOPLIST_KEY_UISupportedInterfaceOrientations_iPad = "UIInterfaceOrientationPortrait UIInterfaceOrientationPortraitUpsideDown UIInterfaceOrientationLandscapeLeft UIInterfaceOrientationLandscapeRight";
				INFOPLIST_KEY_UISupportedInterfaceOrientations_iPhone = "UIInterfaceOrientationPortrait UIInterfaceOrientationLandscapeLeft UIInterfaceOrientationLandscapeRight";
				IPHONEOS_DEPLOYMENT_TARGET = 15.0;
				LD_RUNPATH_SEARCH_PATHS = (
					"$(inherited)",
					"@executable_path/Frameworks",
				);
				MARKETING_VERSION = 3.0.0;
				OTHER_SWIFT_FLAGS = "-D FIR_REMOTE_CONFIG_ENABLED";
				PRODUCT_BUNDLE_IDENTIFIER = com.ppam.arepu.IndianLeaders;
				PRODUCT_NAME = "$(TARGET_NAME)";
				SWIFT_EMIT_LOC_STRINGS = YES;
				SWIFT_VERSION = 5.0;
				TARGETED_DEVICE_FAMILY = "1,2";
			};
			name = Release;
		};
/* End XCBuildConfiguration section */

/* Begin XCConfigurationList section */
		0BD00BF52A3E583000F359E5 /* Build configuration list for PBXProject "PrimeMinisters" */ = {
			isa = XCConfigurationList;
			buildConfigurations = (
				0BD00C062A3E583300F359E5 /* Debug */,
				0BD00C072A3E583300F359E5 /* Release */,
			);
			defaultConfigurationIsVisible = 0;
			defaultConfigurationName = Release;
		};
		0BD00C082A3E583300F359E5 /* Build configuration list for PBXNativeTarget "PrimeMinisters" */ = {
			isa = XCConfigurationList;
			buildConfigurations = (
				0BD00C092A3E583300F359E5 /* Debug */,
				0BD00C0A2A3E583300F359E5 /* Release */,
			);
			defaultConfigurationIsVisible = 0;
			defaultConfigurationName = Release;
		};
/* End XCConfigurationList section */

/* Begin XCRemoteSwiftPackageReference section */
		0BAB24C12A3FEF8E001F1BE6 /* XCRemoteSwiftPackageReference "firebase-ios-sdk" */ = {
			isa = XCRemoteSwiftPackageReference;
			repositoryURL = "https://github.com/firebase/firebase-ios-sdk";
			requirement = {
				kind = upToNextMajorVersion;
				minimumVersion = 9.0.0;
			};
		};
/* End XCRemoteSwiftPackageReference section */

/* Begin XCSwiftPackageProductDependency section */
		0BAB24C22A3FEF8E001F1BE6 /* FirebaseAnalytics */ = {
			isa = XCSwiftPackageProductDependency;
			package = 0BAB24C12A3FEF8E001F1BE6 /* XCRemoteSwiftPackageReference "firebase-ios-sdk" */;
			productName = FirebaseAnalytics;
		};
		0BAB24C42A3FEF8E001F1BE6 /* FirebaseRemoteConfig */ = {
			isa = XCSwiftPackageProductDependency;
			package = 0BAB24C12A3FEF8E001F1BE6 /* XCRemoteSwiftPackageReference "firebase-ios-sdk" */;
			productName = FirebaseRemoteConfig;
		};
		0BAB24C62A3FEF8E001F1BE6 /* FirebaseRemoteConfigSwift */ = {
			isa = XCSwiftPackageProductDependency;
			package = 0BAB24C12A3FEF8E001F1BE6 /* XCRemoteSwiftPackageReference "firebase-ios-sdk" */;
			productName = FirebaseRemoteConfigSwift;
		};
/* End XCSwiftPackageProductDependency section */
	};
	rootObject = 0BD00BF22A3E583000F359E5 /* Project object */;
}
